
Microsoft Visual Studio Solution File, Format Version 12.00
Project("{FAE04EC0-301F-11D3-BF4B-00C04F79EFBC}") = "Shape", "Shape\Shape.csproj", "{2F61BC98-FC8B-4FE0-8A35-B2D50E13364F}"
EndProject
Project("{FAE04EC0-301F-11D3-BF4B-00C04F79EFBC}") = "ShapesTests", "ShapesTests\ShapesTests.csproj", "{96E2E5C6-EFFA-46A6-8788-04F8A0390462}"
EndProject
Global
	GlobalSection(SolutionConfigurationPlatforms) = preSolution
		Debug|Any CPU = Debug|Any CPU
		Release|Any CPU = Release|Any CPU
	EndGlobalSection
	GlobalSection(ProjectConfigurationPlatforms) = postSolution
		{2F61BC98-FC8B-4FE0-8A35-B2D50E13364F}.Debug|Any CPU.ActiveCfg = Debug|Any CPU
		{2F61BC98-FC8B-4FE0-8A35-B2D50E13364F}.Debug|Any CPU.Build.0 = Debug|Any CPU
		{2F61BC98-FC8B-4FE0-8A35-B2D50E13364F}.Release|Any CPU.ActiveCfg = Release|Any CPU
		{2F61BC98-FC8B-4FE0-8A35-B2D50E13364F}.Release|Any CPU.Build.0 = Release|Any CPU
		{96E2E5C6-EFFA-46A6-8788-04F8A0390462}.Debug|Any CPU.ActiveCfg = Debug|Any CPU
		{96E2E5C6-EFFA-46A6-8788-04F8A0390462}.Debug|Any CPU.Build.0 = Debug|Any CPU
		{96E2E5C6-EFFA-46A6-8788-04F8A0390462}.Release|Any CPU.ActiveCfg = Release|Any CPU
		{96E2E5C6-EFFA-46A6-8788-04F8A0390462}.Release|Any CPU.Build.0 = Release|Any CPU
	EndGlobalSection
EndGlobal
